
Microsoft Visual Studio Solution File, Format Version 12.00
# Visual Studio 15
VisualStudioVersion = 15.0.27906.1
MinimumVisualStudioVersion = 10.0.40219.1
Project("{FAE04EC0-301F-11D3-BF4B-00C04F79EFBC}") = "Uncss.Net", "Uncss.Net\Uncss.Net.csproj", "{02277698-B523-4623-B63F-CD3159E368A2}"
EndProject
Global
	GlobalSection(SolutionConfigurationPlatforms) = preSolution
		Debug|Any CPU = Debug|Any CPU
		Release|Any CPU = Release|Any CPU
	EndGlobalSection
	GlobalSection(ProjectConfigurationPlatforms) = postSolution
		{02277698-B523-4623-B63F-CD3159E368A2}.Debug|Any CPU.ActiveCfg = Debug|Any CPU
		{02277698-B523-4623-B63F-CD3159E368A2}.Debug|Any CPU.Build.0 = Debug|Any CPU
		{02277698-B523-4623-B63F-CD3159E368A2}.Release|Any CPU.ActiveCfg = Release|Any CPU
		{02277698-B523-4623-B63F-CD3159E368A2}.Release|Any CPU.Build.0 = Release|Any CPU
	EndGlobalSection
	GlobalSection(SolutionProperties) = preSolution
		HideSolutionNode = FALSE
	EndGlobalSection
	GlobalSection(ExtensibilityGlobals) = postSolution
		SolutionGuid = {6AED8EB5-0154-4180-B238-CC3D6724649F}
	EndGlobalSection
EndGlobal
